
Microsoft Visual Studio Solution File, Format Version 12.00
# Visual Studio Version 16
VisualStudioVersion = 16.0.29519.87
MinimumVisualStudioVersion = 10.0.40219.1
Project("{FAE04EC0-301F-11D3-BF4B-00C04F79EFBC}") = "WebApp", "WebApp.csproj", "{4720E6C9-8A31-4091-A4F8-82F069B03B50}"
EndProject
Project("{FAE04EC0-301F-11D3-BF4B-00C04F79EFBC}") = "DBSystem", "..\DBSystem\DBSystem.csproj", "{D6F7608F-B765-4BC3-8C3C-D828B1E450B1}"
EndProject
Global
	GlobalSection(SolutionConfigurationPlatforms) = preSolution
		Debug|Any CPU = Debug|Any CPU
		Release|Any CPU = Release|Any CPU
	EndGlobalSection
	GlobalSection(ProjectConfigurationPlatforms) = postSolution
		{4720E6C9-8A31-4091-A4F8-82F069B03B50}.Debug|Any CPU.ActiveCfg = Debug|Any CPU
		{4720E6C9-8A31-4091-A4F8-82F069B03B50}.Debug|Any CPU.Build.0 = Debug|Any CPU
		{4720E6C9-8A31-4091-A4F8-82F069B03B50}.Release|Any CPU.ActiveCfg = Release|Any CPU
		{4720E6C9-8A31-4091-A4F8-82F069B03B50}.Release|Any CPU.Build.0 = Release|Any CPU
		{D6F7608F-B765-4BC3-8C3C-D828B1E450B1}.Debug|Any CPU.ActiveCfg = Debug|Any CPU
		{D6F7608F-B765-4BC3-8C3C-D828B1E450B1}.Debug|Any CPU.Build.0 = Debug|Any CPU
		{D6F7608F-B765-4BC3-8C3C-D828B1E450B1}.Release|Any CPU.ActiveCfg = Release|Any CPU
		{D6F7608F-B765-4BC3-8C3C-D828B1E450B1}.Release|Any CPU.Build.0 = Release|Any CPU
	EndGlobalSection
	GlobalSection(SolutionProperties) = preSolution
		HideSolutionNode = FALSE
	EndGlobalSection
	GlobalSection(ExtensibilityGlobals) = postSolution
		SolutionGuid = {27542D4C-53A5-481E-8A39-A6A83862B74D}
	EndGlobalSection
EndGlobal
